
Microsoft Visual Studio Solution File, Format Version 12.00
# Visual Studio 15
Project("{FAE04EC0-301F-11D3-BF4B-00C04F79EFBC}") = "Operations", "Operations\Operations.csproj", "{E25A15B0-5427-46B3-936E-A2F6A62A2E8C}"
EndProject
Global
	GlobalSection(SolutionConfigurationPlatforms) = preSolution
		Debug|Any CPU = Debug|Any CPU
		Release|Any CPU = Release|Any CPU
	EndGlobalSection
	GlobalSection(ProjectConfigurationPlatforms) = postSolution
		{E25A15B0-5427-46B3-936E-A2F6A62A2E8C}.Debug|Any CPU.ActiveCfg = Debug|Any CPU
		{E25A15B0-5427-46B3-936E-A2F6A62A2E8C}.Debug|Any CPU.Build.0 = Debug|Any CPU
		{E25A15B0-5427-46B3-936E-A2F6A62A2E8C}.Release|Any CPU.ActiveCfg = Release|Any CPU
		{E25A15B0-5427-46B3-936E-A2F6A62A2E8C}.Release|Any CPU.Build.0 = Release|Any CPU
	EndGlobalSection
EndGlobal
