
Microsoft Visual Studio Solution File, Format Version 12.00
# Visual Studio 15
Project("{FAE04EC0-301F-11D3-BF4B-00C04F79EFBC}") = "OverloadOperator", "OverloadOperator\OverloadOperator.csproj", "{E6475AF0-9C83-4D19-BC4C-9EC387D63631}"
EndProject
Global
	GlobalSection(SolutionConfigurationPlatforms) = preSolution
		Debug|Any CPU = Debug|Any CPU
		Release|Any CPU = Release|Any CPU
	EndGlobalSection
	GlobalSection(ProjectConfigurationPlatforms) = postSolution
		{E6475AF0-9C83-4D19-BC4C-9EC387D63631}.Debug|Any CPU.ActiveCfg = Debug|Any CPU
		{E6475AF0-9C83-4D19-BC4C-9EC387D63631}.Debug|Any CPU.Build.0 = Debug|Any CPU
		{E6475AF0-9C83-4D19-BC4C-9EC387D63631}.Release|Any CPU.ActiveCfg = Release|Any CPU
		{E6475AF0-9C83-4D19-BC4C-9EC387D63631}.Release|Any CPU.Build.0 = Release|Any CPU
	EndGlobalSection
EndGlobal
