
Microsoft Visual Studio Solution File, Format Version 12.00
# Visual Studio 15
Project("{FAE04EC0-301F-11D3-BF4B-00C04F79EFBC}") = "CarQuote", "CarQuote\CarQuote.csproj", "{0F3D8E20-671D-4B70-B422-8329C63021BB}"
EndProject
Global
	GlobalSection(SolutionConfigurationPlatforms) = preSolution
		Debug|Any CPU = Debug|Any CPU
		Release|Any CPU = Release|Any CPU
	EndGlobalSection
	GlobalSection(ProjectConfigurationPlatforms) = postSolution
		{0F3D8E20-671D-4B70-B422-8329C63021BB}.Debug|Any CPU.ActiveCfg = Debug|Any CPU
		{0F3D8E20-671D-4B70-B422-8329C63021BB}.Debug|Any CPU.Build.0 = Debug|Any CPU
		{0F3D8E20-671D-4B70-B422-8329C63021BB}.Release|Any CPU.ActiveCfg = Release|Any CPU
		{0F3D8E20-671D-4B70-B422-8329C63021BB}.Release|Any CPU.Build.0 = Release|Any CPU
	EndGlobalSection
EndGlobal
